
Microsoft Visual Studio Solution File, Format Version 12.00
# Visual Studio Version 16
VisualStudioVersion = 16.0.29230.47
MinimumVisualStudioVersion = 10.0.40219.1
Project("{FAE04EC0-301F-11D3-BF4B-00C04F79EFBC}") = "MedicineDonation", "MedicineDonation\MedicineDonation.csproj", "{B2C18821-2BC3-4D2A-A3A4-EB456D6474F9}"
EndProject
Global
	GlobalSection(SolutionConfigurationPlatforms) = preSolution
		Debug|Any CPU = Debug|Any CPU
		Release|Any CPU = Release|Any CPU
	EndGlobalSection
	GlobalSection(ProjectConfigurationPlatforms) = postSolution
		{B2C18821-2BC3-4D2A-A3A4-EB456D6474F9}.Debug|Any CPU.ActiveCfg = Debug|Any CPU
		{B2C18821-2BC3-4D2A-A3A4-EB456D6474F9}.Debug|Any CPU.Build.0 = Debug|Any CPU
		{B2C18821-2BC3-4D2A-A3A4-EB456D6474F9}.Release|Any CPU.ActiveCfg = Release|Any CPU
		{B2C18821-2BC3-4D2A-A3A4-EB456D6474F9}.Release|Any CPU.Build.0 = Release|Any CPU
	EndGlobalSection
	GlobalSection(SolutionProperties) = preSolution
		HideSolutionNode = FALSE
	EndGlobalSection
	GlobalSection(ExtensibilityGlobals) = postSolution
		SolutionGuid = {335B8853-3E7C-4D98-BC92-B909745EDF8D}
	EndGlobalSection
EndGlobal
